
Microsoft Visual Studio Solution File, Format Version 12.00
# Visual Studio Version 17
VisualStudioVersion = 17.4.33213.308
MinimumVisualStudioVersion = 10.0.40219.1
Project("{9A19103F-16F7-4668-BE54-9A1E7A4F7556}") = "Store.Domain", "Store.Domain\Store.Domain.csproj", "{73C96E43-587C-4CCE-92F2-FA98D0DB5306}"
EndProject
Project("{9A19103F-16F7-4668-BE54-9A1E7A4F7556}") = "Store.Tests", "Store.Tests\Store.Tests.csproj", "{D921F064-5352-4B9B-B1CE-24799F2EFB0F}"
EndProject
Global
	GlobalSection(SolutionConfigurationPlatforms) = preSolution
		Debug|Any CPU = Debug|Any CPU
		Release|Any CPU = Release|Any CPU
	EndGlobalSection
	GlobalSection(ProjectConfigurationPlatforms) = postSolution
		{73C96E43-587C-4CCE-92F2-FA98D0DB5306}.Debug|Any CPU.ActiveCfg = Debug|Any CPU
		{73C96E43-587C-4CCE-92F2-FA98D0DB5306}.Debug|Any CPU.Build.0 = Debug|Any CPU
		{73C96E43-587C-4CCE-92F2-FA98D0DB5306}.Release|Any CPU.ActiveCfg = Release|Any CPU
		{73C96E43-587C-4CCE-92F2-FA98D0DB5306}.Release|Any CPU.Build.0 = Release|Any CPU
		{D921F064-5352-4B9B-B1CE-24799F2EFB0F}.Debug|Any CPU.ActiveCfg = Debug|Any CPU
		{D921F064-5352-4B9B-B1CE-24799F2EFB0F}.Debug|Any CPU.Build.0 = Debug|Any CPU
		{D921F064-5352-4B9B-B1CE-24799F2EFB0F}.Release|Any CPU.ActiveCfg = Release|Any CPU
		{D921F064-5352-4B9B-B1CE-24799F2EFB0F}.Release|Any CPU.Build.0 = Release|Any CPU
	EndGlobalSection
	GlobalSection(SolutionProperties) = preSolution
		HideSolutionNode = FALSE
	EndGlobalSection
	GlobalSection(ExtensibilityGlobals) = postSolution
		SolutionGuid = {523BA180-0614-4F1F-8949-13B599C4AF51}
	EndGlobalSection
EndGlobal
